
Microsoft Visual Studio Solution File, Format Version 12.00
# Visual Studio Version 16
VisualStudioVersion = 16.0.31729.503
MinimumVisualStudioVersion = 10.0.40219.1
Project("{FAE04EC0-301F-11D3-BF4B-00C04F79EFBC}") = "BornApp.Android", "BornApp\BornApp.Android\BornApp.Android.csproj", "{C2C6493F-DEBC-469C-9D63-2EECFF8BBF4D}"
EndProject
Project("{FAE04EC0-301F-11D3-BF4B-00C04F79EFBC}") = "BornApp.iOS", "BornApp\BornApp.iOS\BornApp.iOS.csproj", "{E46D9D4E-969E-4E06-94AF-6FE75FABC149}"
EndProject
Project("{FAE04EC0-301F-11D3-BF4B-00C04F79EFBC}") = "BornApp", "BornApp\BornApp\BornApp.csproj", "{16796DB4-8033-433E-942A-84DDA83C980A}"
EndProject
Global
	GlobalSection(SolutionConfigurationPlatforms) = preSolution
		Debug|Any CPU = Debug|Any CPU
		Debug|iPhone = Debug|iPhone
		Debug|iPhoneSimulator = Debug|iPhoneSimulator
		Release|Any CPU = Release|Any CPU
		Release|iPhone = Release|iPhone
		Release|iPhoneSimulator = Release|iPhoneSimulator
	EndGlobalSection
	GlobalSection(ProjectConfigurationPlatforms) = postSolution
		{C2C6493F-DEBC-469C-9D63-2EECFF8BBF4D}.Debug|Any CPU.ActiveCfg = Debug|Any CPU
		{C2C6493F-DEBC-469C-9D63-2EECFF8BBF4D}.Debug|Any CPU.Build.0 = Debug|Any CPU
		{C2C6493F-DEBC-469C-9D63-2EECFF8BBF4D}.Debug|Any CPU.Deploy.0 = Debug|Any CPU
		{C2C6493F-DEBC-469C-9D63-2EECFF8BBF4D}.Debug|iPhone.ActiveCfg = Debug|Any CPU
		{C2C6493F-DEBC-469C-9D63-2EECFF8BBF4D}.Debug|iPhone.Build.0 = Debug|Any CPU
		{C2C6493F-DEBC-469C-9D63-2EECFF8BBF4D}.Debug|iPhone.Deploy.0 = Debug|Any CPU
		{C2C6493F-DEBC-469C-9D63-2EECFF8BBF4D}.Debug|iPhoneSimulator.ActiveCfg = Debug|Any CPU
		{C2C6493F-DEBC-469C-9D63-2EECFF8BBF4D}.Debug|iPhoneSimulator.Build.0 = Debug|Any CPU
		{C2C6493F-DEBC-469C-9D63-2EECFF8BBF4D}.Debug|iPhoneSimulator.Deploy.0 = Debug|Any CPU
		{C2C6493F-DEBC-469C-9D63-2EECFF8BBF4D}.Release|Any CPU.ActiveCfg = Release|Any CPU
		{C2C6493F-DEBC-469C-9D63-2EECFF8BBF4D}.Release|Any CPU.Build.0 = Release|Any CPU
		{C2C6493F-DEBC-469C-9D63-2EECFF8BBF4D}.Release|Any CPU.Deploy.0 = Release|Any CPU
		{C2C6493F-DEBC-469C-9D63-2EECFF8BBF4D}.Release|iPhone.ActiveCfg = Release|Any CPU
		{C2C6493F-DEBC-469C-9D63-2EECFF8BBF4D}.Release|iPhone.Build.0 = Release|Any CPU
		{C2C6493F-DEBC-469C-9D63-2EECFF8BBF4D}.Release|iPhone.Deploy.0 = Release|Any CPU
		{C2C6493F-DEBC-469C-9D63-2EECFF8BBF4D}.Release|iPhoneSimulator.ActiveCfg = Release|Any CPU
		{C2C6493F-DEBC-469C-9D63-2EECFF8BBF4D}.Release|iPhoneSimulator.Build.0 = Release|Any CPU
		{C2C6493F-DEBC-469C-9D63-2EECFF8BBF4D}.Release|iPhoneSimulator.Deploy.0 = Release|Any CPU
		{E46D9D4E-969E-4E06-94AF-6FE75FABC149}.Debug|Any CPU.ActiveCfg = Debug|iPhone
		{E46D9D4E-969E-4E06-94AF-6FE75FABC149}.Debug|Any CPU.Build.0 = Debug|iPhone
		{E46D9D4E-969E-4E06-94AF-6FE75FABC149}.Debug|Any CPU.Deploy.0 = Debug|iPhone
		{E46D9D4E-969E-4E06-94AF-6FE75FABC149}.Debug|iPhone.ActiveCfg = Debug|iPhone
		{E46D9D4E-969E-4E06-94AF-6FE75FABC149}.Debug|iPhone.Build.0 = Debug|iPhone
		{E46D9D4E-969E-4E06-94AF-6FE75FABC149}.Debug|iPhone.Deploy.0 = Debug|iPhone
		{E46D9D4E-969E-4E06-94AF-6FE75FABC149}.Debug|iPhoneSimulator.ActiveCfg = Debug|iPhoneSimulator
		{E46D9D4E-969E-4E06-94AF-6FE75FABC149}.Debug|iPhoneSimulator.Build.0 = Debug|iPhoneSimulator
		{E46D9D4E-969E-4E06-94AF-6FE75FABC149}.Debug|iPhoneSimulator.Deploy.0 = Debug|iPhoneSimulator
		{E46D9D4E-969E-4E06-94AF-6FE75FABC149}.Release|Any CPU.ActiveCfg = Release|iPhoneSimulator
		{E46D9D4E-969E-4E06-94AF-6FE75FABC149}.Release|Any CPU.Build.0 = Release|iPhoneSimulator
		{E46D9D4E-969E-4E06-94AF-6FE75FABC149}.Release|Any CPU.Deploy.0 = Release|iPhoneSimulator
		{E46D9D4E-969E-4E06-94AF-6FE75FABC149}.Release|iPhone.ActiveCfg = Release|iPhone
		{E46D9D4E-969E-4E06-94AF-6FE75FABC149}.Release|iPhone.Build.0 = Release|iPhone
		{E46D9D4E-969E-4E06-94AF-6FE75FABC149}.Release|iPhone.Deploy.0 = Release|iPhone
		{E46D9D4E-969E-4E06-94AF-6FE75FABC149}.Release|iPhoneSimulator.ActiveCfg = Release|iPhoneSimulator
		{E46D9D4E-969E-4E06-94AF-6FE75FABC149}.Release|iPhoneSimulator.Build.0 = Release|iPhoneSimulator
		{E46D9D4E-969E-4E06-94AF-6FE75FABC149}.Release|iPhoneSimulator.Deploy.0 = Release|iPhoneSimulator
		{16796DB4-8033-433E-942A-84DDA83C980A}.Debug|Any CPU.ActiveCfg = Debug|Any CPU
		{16796DB4-8033-433E-942A-84DDA83C980A}.Debug|Any CPU.Build.0 = Debug|Any CPU
		{16796DB4-8033-433E-942A-84DDA83C980A}.Debug|Any CPU.Deploy.0 = Debug|Any CPU
		{16796DB4-8033-433E-942A-84DDA83C980A}.Debug|iPhone.ActiveCfg = Debug|Any CPU
		{16796DB4-8033-433E-942A-84DDA83C980A}.Debug|iPhone.Build.0 = Debug|Any CPU
		{16796DB4-8033-433E-942A-84DDA83C980A}.Debug|iPhone.Deploy.0 = Debug|Any CPU
		{16796DB4-8033-433E-942A-84DDA83C980A}.Debug|iPhoneSimulator.ActiveCfg = Debug|Any CPU
		{16796DB4-8033-433E-942A-84DDA83C980A}.Debug|iPhoneSimulator.Build.0 = Debug|Any CPU
		{16796DB4-8033-433E-942A-84DDA83C980A}.Debug|iPhoneSimulator.Deploy.0 = Debug|Any CPU
		{16796DB4-8033-433E-942A-84DDA83C980A}.Release|Any CPU.ActiveCfg = Release|Any CPU
		{16796DB4-8033-433E-942A-84DDA83C980A}.Release|Any CPU.Build.0 = Release|Any CPU
		{16796DB4-8033-433E-942A-84DDA83C980A}.Release|Any CPU.Deploy.0 = Release|Any CPU
		{16796DB4-8033-433E-942A-84DDA83C980A}.Release|iPhone.ActiveCfg = Release|Any CPU
		{16796DB4-8033-433E-942A-84DDA83C980A}.Release|iPhone.Build.0 = Release|Any CPU
		{16796DB4-8033-433E-942A-84DDA83C980A}.Release|iPhone.Deploy.0 = Release|Any CPU
		{16796DB4-8033-433E-942A-84DDA83C980A}.Release|iPhoneSimulator.ActiveCfg = Release|Any CPU
		{16796DB4-8033-433E-942A-84DDA83C980A}.Release|iPhoneSimulator.Build.0 = Release|Any CPU
		{16796DB4-8033-433E-942A-84DDA83C980A}.Release|iPhoneSimulator.Deploy.0 = Release|Any CPU
	EndGlobalSection
	GlobalSection(SolutionProperties) = preSolution
		HideSolutionNode = FALSE
	EndGlobalSection
	GlobalSection(ExtensibilityGlobals) = postSolution
		SolutionGuid = {47250C72-73D7-4AFC-8D84-7747AC13C06C}
	EndGlobalSection
EndGlobal
